
Microsoft Visual Studio Solution File, Format Version 12.00
# Visual Studio Version 16
VisualStudioVersion = 25.0.1705.4
MinimumVisualStudioVersion = 10.0.40219.1
Project("{FAE04EC0-301F-11D3-BF4B-00C04F79EFBC}") = "GlamLahToolkit", "GlamLahToolkit.csproj", "{F813EFB2-9010-4377-8347-0C95584F0919}"
EndProject
Global
	GlobalSection(SolutionConfigurationPlatforms) = preSolution
		Debug|Any CPU = Debug|Any CPU
		Release|Any CPU = Release|Any CPU
	EndGlobalSection
	GlobalSection(ProjectConfigurationPlatforms) = postSolution
		{F813EFB2-9010-4377-8347-0C95584F0919}.Debug|Any CPU.ActiveCfg = Debug|Any CPU
		{F813EFB2-9010-4377-8347-0C95584F0919}.Debug|Any CPU.Build.0 = Debug|Any CPU
		{F813EFB2-9010-4377-8347-0C95584F0919}.Release|Any CPU.ActiveCfg = Release|Any CPU
		{F813EFB2-9010-4377-8347-0C95584F0919}.Release|Any CPU.Build.0 = Release|Any CPU
	EndGlobalSection
	GlobalSection(SolutionProperties) = preSolution
		HideSolutionNode = FALSE
	EndGlobalSection
	GlobalSection(ExtensibilityGlobals) = postSolution
		SolutionGuid = {5DF91C9F-36AE-422B-81E1-E96B1E772B49}
	EndGlobalSection
EndGlobal
